
Microsoft Visual Studio Solution File, Format Version 12.00
# Visual Studio Version 17
VisualStudioVersion = 17.0.31903.59
MinimumVisualStudioVersion = 10.0.40219.1
Project("{2150E333-8FDC-42A3-9474-1A3956D46DE8}") = "src", "src", "{827E0CD3-B72D-47B6-A68D-7590B98EB39B}"
EndProject
Project("{FAE04EC0-301F-11D3-BF4B-00C04F79EFBC}") = "TextEdit.App", "src\TextEdit.App\TextEdit.App.csproj", "{8D883979-B348-437E-AB5C-351B09317EEC}"
EndProject
Project("{FAE04EC0-301F-11D3-BF4B-00C04F79EFBC}") = "TextEdit.UI", "src\TextEdit.UI\TextEdit.UI.csproj", "{A747B454-BF80-46E5-B46B-4D37C863A260}"
EndProject
Project("{FAE04EC0-301F-11D3-BF4B-00C04F79EFBC}") = "TextEdit.Core", "src\TextEdit.Core\TextEdit.Core.csproj", "{1BCAA122-CDA0-40AF-B6EC-282E016D9D12}"
EndProject
Project("{FAE04EC0-301F-11D3-BF4B-00C04F79EFBC}") = "TextEdit.Infrastructure", "src\TextEdit.Infrastructure\TextEdit.Infrastructure.csproj", "{86A20110-6E32-4E72-ABAF-F8432485CDF0}"
EndProject
Project("{FAE04EC0-301F-11D3-BF4B-00C04F79EFBC}") = "TextEdit.Markdown", "src\TextEdit.Markdown\TextEdit.Markdown.csproj", "{450F196C-7D59-46E2-B9AE-F232CCE7EE09}"
EndProject
Project("{2150E333-8FDC-42A3-9474-1A3956D46DE8}") = "tests", "tests", "{0AB3BF05-4346-4AA6-1389-037BE0695223}"
EndProject
Project("{2150E333-8FDC-42A3-9474-1A3956D46DE8}") = "unit", "unit", "{9D556B49-86D1-93A7-9596-FFAAB74EC556}"
EndProject
Project("{FAE04EC0-301F-11D3-BF4B-00C04F79EFBC}") = "TextEdit.Core.Tests", "tests\unit\TextEdit.Core.Tests\TextEdit.Core.Tests.csproj", "{98B4FEC1-0E81-4308-A4B4-406ED26AB4EB}"
EndProject
Project("{2150E333-8FDC-42A3-9474-1A3956D46DE8}") = "integration", "integration", "{28A6993C-471E-82FE-7D9E-AD3B1EC22BD9}"
EndProject
Project("{FAE04EC0-301F-11D3-BF4B-00C04F79EFBC}") = "TextEdit.App.Tests", "tests\integration\TextEdit.App.Tests\TextEdit.App.Tests.csproj", "{8D2B5BC0-A694-4223-ABC6-88A9579F3715}"
EndProject
Project("{FAE04EC0-301F-11D3-BF4B-00C04F79EFBC}") = "TextEdit.IPC.Tests", "tests\contract\TextEdit.IPC.Tests\TextEdit.IPC.Tests.csproj", "{A8F81F7B-F6F8-42CA-A57C-44BB23D42D9E}"
EndProject
Project("{FAE04EC0-301F-11D3-BF4B-00C04F79EFBC}") = "TextEdit.Infrastructure.Tests", "tests\unit\TextEdit.Infrastructure.Tests\TextEdit.Infrastructure.Tests.csproj", "{60E38CF8-2527-476A-8E8E-F94794A994D5}"
EndProject
Project("{2150E333-8FDC-42A3-9474-1A3956D46DE8}") = "benchmarks", "benchmarks", "{6C73E6AB-D704-A97F-1BED-3C67E832B020}"
EndProject
Project("{FAE04EC0-301F-11D3-BF4B-00C04F79EFBC}") = "TextEdit.Benchmarks", "tests\benchmarks\TextEdit.Benchmarks\TextEdit.Benchmarks.csproj", "{3D017837-052E-4908-B4E5-8CD985950009}"
EndProject
Project("{FAE04EC0-301F-11D3-BF4B-00C04F79EFBC}") = "TextEdit.UI.Tests", "tests\unit\TextEdit.UI.Tests\TextEdit.UI.Tests.csproj", "{37A5BC19-8F58-4699-B2EC-983C78D9A963}"
EndProject
Global
	GlobalSection(SolutionConfigurationPlatforms) = preSolution
		Debug|Any CPU = Debug|Any CPU
		Debug|x64 = Debug|x64
		Debug|x86 = Debug|x86
		Release|Any CPU = Release|Any CPU
		Release|x64 = Release|x64
		Release|x86 = Release|x86
	EndGlobalSection
	GlobalSection(ProjectConfigurationPlatforms) = postSolution
		{8D883979-B348-437E-AB5C-351B09317EEC}.Debug|Any CPU.ActiveCfg = Debug|Any CPU
		{8D883979-B348-437E-AB5C-351B09317EEC}.Debug|Any CPU.Build.0 = Debug|Any CPU
		{8D883979-B348-437E-AB5C-351B09317EEC}.Debug|x64.ActiveCfg = Debug|Any CPU
		{8D883979-B348-437E-AB5C-351B09317EEC}.Debug|x64.Build.0 = Debug|Any CPU
		{8D883979-B348-437E-AB5C-351B09317EEC}.Debug|x86.ActiveCfg = Debug|Any CPU
		{8D883979-B348-437E-AB5C-351B09317EEC}.Debug|x86.Build.0 = Debug|Any CPU
		{8D883979-B348-437E-AB5C-351B09317EEC}.Release|Any CPU.ActiveCfg = Release|Any CPU
		{8D883979-B348-437E-AB5C-351B09317EEC}.Release|Any CPU.Build.0 = Release|Any CPU
		{8D883979-B348-437E-AB5C-351B09317EEC}.Release|x64.ActiveCfg = Release|Any CPU
		{8D883979-B348-437E-AB5C-351B09317EEC}.Release|x64.Build.0 = Release|Any CPU
		{8D883979-B348-437E-AB5C-351B09317EEC}.Release|x86.ActiveCfg = Release|Any CPU
		{8D883979-B348-437E-AB5C-351B09317EEC}.Release|x86.Build.0 = Release|Any CPU
		{A747B454-BF80-46E5-B46B-4D37C863A260}.Debug|Any CPU.ActiveCfg = Debug|Any CPU
		{A747B454-BF80-46E5-B46B-4D37C863A260}.Debug|Any CPU.Build.0 = Debug|Any CPU
		{A747B454-BF80-46E5-B46B-4D37C863A260}.Debug|x64.ActiveCfg = Debug|Any CPU
		{A747B454-BF80-46E5-B46B-4D37C863A260}.Debug|x64.Build.0 = Debug|Any CPU
		{A747B454-BF80-46E5-B46B-4D37C863A260}.Debug|x86.ActiveCfg = Debug|Any CPU
		{A747B454-BF80-46E5-B46B-4D37C863A260}.Debug|x86.Build.0 = Debug|Any CPU
		{A747B454-BF80-46E5-B46B-4D37C863A260}.Release|Any CPU.ActiveCfg = Release|Any CPU
		{A747B454-BF80-46E5-B46B-4D37C863A260}.Release|Any CPU.Build.0 = Release|Any CPU
		{A747B454-BF80-46E5-B46B-4D37C863A260}.Release|x64.ActiveCfg = Release|Any CPU
		{A747B454-BF80-46E5-B46B-4D37C863A260}.Release|x64.Build.0 = Release|Any CPU
		{A747B454-BF80-46E5-B46B-4D37C863A260}.Release|x86.ActiveCfg = Release|Any CPU
		{A747B454-BF80-46E5-B46B-4D37C863A260}.Release|x86.Build.0 = Release|Any CPU
		{1BCAA122-CDA0-40AF-B6EC-282E016D9D12}.Debug|Any CPU.ActiveCfg = Debug|Any CPU
		{1BCAA122-CDA0-40AF-B6EC-282E016D9D12}.Debug|Any CPU.Build.0 = Debug|Any CPU
		{1BCAA122-CDA0-40AF-B6EC-282E016D9D12}.Debug|x64.ActiveCfg = Debug|Any CPU
		{1BCAA122-CDA0-40AF-B6EC-282E016D9D12}.Debug|x64.Build.0 = Debug|Any CPU
		{1BCAA122-CDA0-40AF-B6EC-282E016D9D12}.Debug|x86.ActiveCfg = Debug|Any CPU
		{1BCAA122-CDA0-40AF-B6EC-282E016D9D12}.Debug|x86.Build.0 = Debug|Any CPU
		{1BCAA122-CDA0-40AF-B6EC-282E016D9D12}.Release|Any CPU.ActiveCfg = Release|Any CPU
		{1BCAA122-CDA0-40AF-B6EC-282E016D9D12}.Release|Any CPU.Build.0 = Release|Any CPU
		{1BCAA122-CDA0-40AF-B6EC-282E016D9D12}.Release|x64.ActiveCfg = Release|Any CPU
		{1BCAA122-CDA0-40AF-B6EC-282E016D9D12}.Release|x64.Build.0 = Release|Any CPU
		{1BCAA122-CDA0-40AF-B6EC-282E016D9D12}.Release|x86.ActiveCfg = Release|Any CPU
		{1BCAA122-CDA0-40AF-B6EC-282E016D9D12}.Release|x86.Build.0 = Release|Any CPU
		{86A20110-6E32-4E72-ABAF-F8432485CDF0}.Debug|Any CPU.ActiveCfg = Debug|Any CPU
		{86A20110-6E32-4E72-ABAF-F8432485CDF0}.Debug|Any CPU.Build.0 = Debug|Any CPU
		{86A20110-6E32-4E72-ABAF-F8432485CDF0}.Debug|x64.ActiveCfg = Debug|Any CPU
		{86A20110-6E32-4E72-ABAF-F8432485CDF0}.Debug|x64.Build.0 = Debug|Any CPU
		{86A20110-6E32-4E72-ABAF-F8432485CDF0}.Debug|x86.ActiveCfg = Debug|Any CPU
		{86A20110-6E32-4E72-ABAF-F8432485CDF0}.Debug|x86.Build.0 = Debug|Any CPU
		{86A20110-6E32-4E72-ABAF-F8432485CDF0}.Release|Any CPU.ActiveCfg = Release|Any CPU
		{86A20110-6E32-4E72-ABAF-F8432485CDF0}.Release|Any CPU.Build.0 = Release|Any CPU
		{86A20110-6E32-4E72-ABAF-F8432485CDF0}.Release|x64.ActiveCfg = Release|Any CPU
		{86A20110-6E32-4E72-ABAF-F8432485CDF0}.Release|x64.Build.0 = Release|Any CPU
		{86A20110-6E32-4E72-ABAF-F8432485CDF0}.Release|x86.ActiveCfg = Release|Any CPU
		{86A20110-6E32-4E72-ABAF-F8432485CDF0}.Release|x86.Build.0 = Release|Any CPU
		{450F196C-7D59-46E2-B9AE-F232CCE7EE09}.Debug|Any CPU.ActiveCfg = Debug|Any CPU
		{450F196C-7D59-46E2-B9AE-F232CCE7EE09}.Debug|Any CPU.Build.0 = Debug|Any CPU
		{450F196C-7D59-46E2-B9AE-F232CCE7EE09}.Debug|x64.ActiveCfg = Debug|Any CPU
		{450F196C-7D59-46E2-B9AE-F232CCE7EE09}.Debug|x64.Build.0 = Debug|Any CPU
		{450F196C-7D59-46E2-B9AE-F232CCE7EE09}.Debug|x86.ActiveCfg = Debug|Any CPU
		{450F196C-7D59-46E2-B9AE-F232CCE7EE09}.Debug|x86.Build.0 = Debug|Any CPU
		{450F196C-7D59-46E2-B9AE-F232CCE7EE09}.Release|Any CPU.ActiveCfg = Release|Any CPU
		{450F196C-7D59-46E2-B9AE-F232CCE7EE09}.Release|Any CPU.Build.0 = Release|Any CPU
		{450F196C-7D59-46E2-B9AE-F232CCE7EE09}.Release|x64.ActiveCfg = Release|Any CPU
		{450F196C-7D59-46E2-B9AE-F232CCE7EE09}.Release|x64.Build.0 = Release|Any CPU
		{450F196C-7D59-46E2-B9AE-F232CCE7EE09}.Release|x86.ActiveCfg = Release|Any CPU
		{450F196C-7D59-46E2-B9AE-F232CCE7EE09}.Release|x86.Build.0 = Release|Any CPU
		{98B4FEC1-0E81-4308-A4B4-406ED26AB4EB}.Debug|Any CPU.ActiveCfg = Debug|Any CPU
		{98B4FEC1-0E81-4308-A4B4-406ED26AB4EB}.Debug|Any CPU.Build.0 = Debug|Any CPU
		{98B4FEC1-0E81-4308-A4B4-406ED26AB4EB}.Debug|x64.ActiveCfg = Debug|Any CPU
		{98B4FEC1-0E81-4308-A4B4-406ED26AB4EB}.Debug|x64.Build.0 = Debug|Any CPU
		{98B4FEC1-0E81-4308-A4B4-406ED26AB4EB}.Debug|x86.ActiveCfg = Debug|Any CPU
		{98B4FEC1-0E81-4308-A4B4-406ED26AB4EB}.Debug|x86.Build.0 = Debug|Any CPU
		{98B4FEC1-0E81-4308-A4B4-406ED26AB4EB}.Release|Any CPU.ActiveCfg = Release|Any CPU
		{98B4FEC1-0E81-4308-A4B4-406ED26AB4EB}.Release|Any CPU.Build.0 = Release|Any CPU
		{98B4FEC1-0E81-4308-A4B4-406ED26AB4EB}.Release|x64.ActiveCfg = Release|Any CPU
		{98B4FEC1-0E81-4308-A4B4-406ED26AB4EB}.Release|x64.Build.0 = Release|Any CPU
		{98B4FEC1-0E81-4308-A4B4-406ED26AB4EB}.Release|x86.ActiveCfg = Release|Any CPU
		{98B4FEC1-0E81-4308-A4B4-406ED26AB4EB}.Release|x86.Build.0 = Release|Any CPU
		{8D2B5BC0-A694-4223-ABC6-88A9579F3715}.Debug|Any CPU.ActiveCfg = Debug|Any CPU
		{8D2B5BC0-A694-4223-ABC6-88A9579F3715}.Debug|Any CPU.Build.0 = Debug|Any CPU
		{8D2B5BC0-A694-4223-ABC6-88A9579F3715}.Debug|x64.ActiveCfg = Debug|Any CPU
		{8D2B5BC0-A694-4223-ABC6-88A9579F3715}.Debug|x64.Build.0 = Debug|Any CPU
		{8D2B5BC0-A694-4223-ABC6-88A9579F3715}.Debug|x86.ActiveCfg = Debug|Any CPU
		{8D2B5BC0-A694-4223-ABC6-88A9579F3715}.Debug|x86.Build.0 = Debug|Any CPU
		{8D2B5BC0-A694-4223-ABC6-88A9579F3715}.Release|Any CPU.ActiveCfg = Release|Any CPU
		{8D2B5BC0-A694-4223-ABC6-88A9579F3715}.Release|Any CPU.Build.0 = Release|Any CPU
		{8D2B5BC0-A694-4223-ABC6-88A9579F3715}.Release|x64.ActiveCfg = Release|Any CPU
		{8D2B5BC0-A694-4223-ABC6-88A9579F3715}.Release|x64.Build.0 = Release|Any CPU
		{8D2B5BC0-A694-4223-ABC6-88A9579F3715}.Release|x86.ActiveCfg = Release|Any CPU
		{8D2B5BC0-A694-4223-ABC6-88A9579F3715}.Release|x86.Build.0 = Release|Any CPU
		{A8F81F7B-F6F8-42CA-A57C-44BB23D42D9E}.Debug|Any CPU.ActiveCfg = Debug|Any CPU
		{A8F81F7B-F6F8-42CA-A57C-44BB23D42D9E}.Debug|Any CPU.Build.0 = Debug|Any CPU
		{A8F81F7B-F6F8-42CA-A57C-44BB23D42D9E}.Debug|x64.ActiveCfg = Debug|Any CPU
		{A8F81F7B-F6F8-42CA-A57C-44BB23D42D9E}.Debug|x64.Build.0 = Debug|Any CPU
		{A8F81F7B-F6F8-42CA-A57C-44BB23D42D9E}.Debug|x86.ActiveCfg = Debug|Any CPU
		{A8F81F7B-F6F8-42CA-A57C-44BB23D42D9E}.Debug|x86.Build.0 = Debug|Any CPU
		{A8F81F7B-F6F8-42CA-A57C-44BB23D42D9E}.Release|Any CPU.ActiveCfg = Release|Any CPU
		{A8F81F7B-F6F8-42CA-A57C-44BB23D42D9E}.Release|Any CPU.Build.0 = Release|Any CPU
		{A8F81F7B-F6F8-42CA-A57C-44BB23D42D9E}.Release|x64.ActiveCfg = Release|Any CPU
		{A8F81F7B-F6F8-42CA-A57C-44BB23D42D9E}.Release|x64.Build.0 = Release|Any CPU
		{A8F81F7B-F6F8-42CA-A57C-44BB23D42D9E}.Release|x86.ActiveCfg = Release|Any CPU
		{A8F81F7B-F6F8-42CA-A57C-44BB23D42D9E}.Release|x86.Build.0 = Release|Any CPU
		{60E38CF8-2527-476A-8E8E-F94794A994D5}.Debug|Any CPU.ActiveCfg = Debug|Any CPU
		{60E38CF8-2527-476A-8E8E-F94794A994D5}.Debug|Any CPU.Build.0 = Debug|Any CPU
		{60E38CF8-2527-476A-8E8E-F94794A994D5}.Debug|x64.ActiveCfg = Debug|Any CPU
		{60E38CF8-2527-476A-8E8E-F94794A994D5}.Debug|x64.Build.0 = Debug|Any CPU
		{60E38CF8-2527-476A-8E8E-F94794A994D5}.Debug|x86.ActiveCfg = Debug|Any CPU
		{60E38CF8-2527-476A-8E8E-F94794A994D5}.Debug|x86.Build.0 = Debug|Any CPU
		{60E38CF8-2527-476A-8E8E-F94794A994D5}.Release|Any CPU.ActiveCfg = Release|Any CPU
		{60E38CF8-2527-476A-8E8E-F94794A994D5}.Release|Any CPU.Build.0 = Release|Any CPU
		{60E38CF8-2527-476A-8E8E-F94794A994D5}.Release|x64.ActiveCfg = Release|Any CPU
		{60E38CF8-2527-476A-8E8E-F94794A994D5}.Release|x64.Build.0 = Release|Any CPU
		{60E38CF8-2527-476A-8E8E-F94794A994D5}.Release|x86.ActiveCfg = Release|Any CPU
		{60E38CF8-2527-476A-8E8E-F94794A994D5}.Release|x86.Build.0 = Release|Any CPU
		{3D017837-052E-4908-B4E5-8CD985950009}.Debug|Any CPU.ActiveCfg = Debug|Any CPU
		{3D017837-052E-4908-B4E5-8CD985950009}.Debug|Any CPU.Build.0 = Debug|Any CPU
		{3D017837-052E-4908-B4E5-8CD985950009}.Debug|x64.ActiveCfg = Debug|Any CPU
		{3D017837-052E-4908-B4E5-8CD985950009}.Debug|x64.Build.0 = Debug|Any CPU
		{3D017837-052E-4908-B4E5-8CD985950009}.Debug|x86.ActiveCfg = Debug|Any CPU
		{3D017837-052E-4908-B4E5-8CD985950009}.Debug|x86.Build.0 = Debug|Any CPU
		{3D017837-052E-4908-B4E5-8CD985950009}.Release|Any CPU.ActiveCfg = Release|Any CPU
		{3D017837-052E-4908-B4E5-8CD985950009}.Release|Any CPU.Build.0 = Release|Any CPU
		{3D017837-052E-4908-B4E5-8CD985950009}.Release|x64.ActiveCfg = Release|Any CPU
		{3D017837-052E-4908-B4E5-8CD985950009}.Release|x64.Build.0 = Release|Any CPU
		{3D017837-052E-4908-B4E5-8CD985950009}.Release|x86.ActiveCfg = Release|Any CPU
		{3D017837-052E-4908-B4E5-8CD985950009}.Release|x86.Build.0 = Release|Any CPU
		{37A5BC19-8F58-4699-B2EC-983C78D9A963}.Debug|Any CPU.ActiveCfg = Debug|Any CPU
		{37A5BC19-8F58-4699-B2EC-983C78D9A963}.Debug|Any CPU.Build.0 = Debug|Any CPU
		{37A5BC19-8F58-4699-B2EC-983C78D9A963}.Debug|x64.ActiveCfg = Debug|Any CPU
		{37A5BC19-8F58-4699-B2EC-983C78D9A963}.Debug|x64.Build.0 = Debug|Any CPU
		{37A5BC19-8F58-4699-B2EC-983C78D9A963}.Debug|x86.ActiveCfg = Debug|Any CPU
		{37A5BC19-8F58-4699-B2EC-983C78D9A963}.Debug|x86.Build.0 = Debug|Any CPU
		{37A5BC19-8F58-4699-B2EC-983C78D9A963}.Release|Any CPU.ActiveCfg = Release|Any CPU
		{37A5BC19-8F58-4699-B2EC-983C78D9A963}.Release|Any CPU.Build.0 = Release|Any CPU
		{37A5BC19-8F58-4699-B2EC-983C78D9A963}.Release|x64.ActiveCfg = Release|Any CPU
		{37A5BC19-8F58-4699-B2EC-983C78D9A963}.Release|x64.Build.0 = Release|Any CPU
		{37A5BC19-8F58-4699-B2EC-983C78D9A963}.Release|x86.ActiveCfg = Release|Any CPU
		{37A5BC19-8F58-4699-B2EC-983C78D9A963}.Release|x86.Build.0 = Release|Any CPU
	EndGlobalSection
	GlobalSection(SolutionProperties) = preSolution
		HideSolutionNode = FALSE
	EndGlobalSection
	GlobalSection(NestedProjects) = preSolution
		{8D883979-B348-437E-AB5C-351B09317EEC} = {827E0CD3-B72D-47B6-A68D-7590B98EB39B}
		{A747B454-BF80-46E5-B46B-4D37C863A260} = {827E0CD3-B72D-47B6-A68D-7590B98EB39B}
		{1BCAA122-CDA0-40AF-B6EC-282E016D9D12} = {827E0CD3-B72D-47B6-A68D-7590B98EB39B}
		{86A20110-6E32-4E72-ABAF-F8432485CDF0} = {827E0CD3-B72D-47B6-A68D-7590B98EB39B}
		{450F196C-7D59-46E2-B9AE-F232CCE7EE09} = {827E0CD3-B72D-47B6-A68D-7590B98EB39B}
		{9D556B49-86D1-93A7-9596-FFAAB74EC556} = {0AB3BF05-4346-4AA6-1389-037BE0695223}
		{98B4FEC1-0E81-4308-A4B4-406ED26AB4EB} = {9D556B49-86D1-93A7-9596-FFAAB74EC556}
		{28A6993C-471E-82FE-7D9E-AD3B1EC22BD9} = {0AB3BF05-4346-4AA6-1389-037BE0695223}
		{8D2B5BC0-A694-4223-ABC6-88A9579F3715} = {28A6993C-471E-82FE-7D9E-AD3B1EC22BD9}
		{A8F81F7B-F6F8-42CA-A57C-44BB23D42D9E} = {28A6993C-471E-82FE-7D9E-AD3B1EC22BD9}
		{60E38CF8-2527-476A-8E8E-F94794A994D5} = {9D556B49-86D1-93A7-9596-FFAAB74EC556}
		{6C73E6AB-D704-A97F-1BED-3C67E832B020} = {0AB3BF05-4346-4AA6-1389-037BE0695223}
		{3D017837-052E-4908-B4E5-8CD985950009} = {6C73E6AB-D704-A97F-1BED-3C67E832B020}
		{37A5BC19-8F58-4699-B2EC-983C78D9A963} = {9D556B49-86D1-93A7-9596-FFAAB74EC556}
	EndGlobalSection
EndGlobal
